
Microsoft Visual Studio Solution File, Format Version 12.00
# Visual Studio Version 17
VisualStudioVersion = 17.0.32126.317
MinimumVisualStudioVersion = 10.0.40219.1
Project("{9A19103F-16F7-4668-BE54-9A1E7A4F7556}") = "Ders 7", "Ders 7\Ders 7.csproj", "{68F77BDC-FC7F-4872-A8C2-72814B49962B}"
EndProject
Project("{FAE04EC0-301F-11D3-BF4B-00C04F79EFBC}") = "Ders 7 - 2", "Ders 7 - 2\Ders 7 - 2.csproj", "{73FA89E4-233D-43EC-9A39-849D6AE9428F}"
EndProject
Global
	GlobalSection(SolutionConfigurationPlatforms) = preSolution
		Debug|Any CPU = Debug|Any CPU
		Release|Any CPU = Release|Any CPU
	EndGlobalSection
	GlobalSection(ProjectConfigurationPlatforms) = postSolution
		{68F77BDC-FC7F-4872-A8C2-72814B49962B}.Debug|Any CPU.ActiveCfg = Debug|Any CPU
		{68F77BDC-FC7F-4872-A8C2-72814B49962B}.Debug|Any CPU.Build.0 = Debug|Any CPU
		{68F77BDC-FC7F-4872-A8C2-72814B49962B}.Release|Any CPU.ActiveCfg = Release|Any CPU
		{68F77BDC-FC7F-4872-A8C2-72814B49962B}.Release|Any CPU.Build.0 = Release|Any CPU
		{73FA89E4-233D-43EC-9A39-849D6AE9428F}.Debug|Any CPU.ActiveCfg = Debug|Any CPU
		{73FA89E4-233D-43EC-9A39-849D6AE9428F}.Debug|Any CPU.Build.0 = Debug|Any CPU
		{73FA89E4-233D-43EC-9A39-849D6AE9428F}.Release|Any CPU.ActiveCfg = Release|Any CPU
		{73FA89E4-233D-43EC-9A39-849D6AE9428F}.Release|Any CPU.Build.0 = Release|Any CPU
	EndGlobalSection
	GlobalSection(SolutionProperties) = preSolution
		HideSolutionNode = FALSE
	EndGlobalSection
	GlobalSection(ExtensibilityGlobals) = postSolution
		SolutionGuid = {32B12553-E27C-4E73-863F-199E1079A206}
	EndGlobalSection
EndGlobal
