
Microsoft Visual Studio Solution File, Format Version 12.00
# Visual Studio Version 17
VisualStudioVersion = 17.0.32126.317
MinimumVisualStudioVersion = 10.0.40219.1
Project("{FAE04EC0-301F-11D3-BF4B-00C04F79EFBC}") = "Ders 12", "Ders 12\Ders 12.csproj", "{3BAE2EA4-BB9E-42DD-A303-4F44B16B895B}"
EndProject
Global
	GlobalSection(SolutionConfigurationPlatforms) = preSolution
		Debug|Any CPU = Debug|Any CPU
		Release|Any CPU = Release|Any CPU
	EndGlobalSection
	GlobalSection(ProjectConfigurationPlatforms) = postSolution
		{3BAE2EA4-BB9E-42DD-A303-4F44B16B895B}.Debug|Any CPU.ActiveCfg = Debug|Any CPU
		{3BAE2EA4-BB9E-42DD-A303-4F44B16B895B}.Debug|Any CPU.Build.0 = Debug|Any CPU
		{3BAE2EA4-BB9E-42DD-A303-4F44B16B895B}.Release|Any CPU.ActiveCfg = Release|Any CPU
		{3BAE2EA4-BB9E-42DD-A303-4F44B16B895B}.Release|Any CPU.Build.0 = Release|Any CPU
	EndGlobalSection
	GlobalSection(SolutionProperties) = preSolution
		HideSolutionNode = FALSE
	EndGlobalSection
	GlobalSection(ExtensibilityGlobals) = postSolution
		SolutionGuid = {2F409172-608F-48B5-94D7-55D977051231}
	EndGlobalSection
EndGlobal
