
Microsoft Visual Studio Solution File, Format Version 12.00
# Visual Studio Version 17
VisualStudioVersion = 17.0.32126.317
MinimumVisualStudioVersion = 10.0.40219.1
Project("{FAE04EC0-301F-11D3-BF4B-00C04F79EFBC}") = "Ders 11", "Ders 11\Ders 11.csproj", "{B30BBD1A-9132-46AF-B3D2-7A2BEB6CC5AA}"
EndProject
Global
	GlobalSection(SolutionConfigurationPlatforms) = preSolution
		Debug|Any CPU = Debug|Any CPU
		Release|Any CPU = Release|Any CPU
	EndGlobalSection
	GlobalSection(ProjectConfigurationPlatforms) = postSolution
		{B30BBD1A-9132-46AF-B3D2-7A2BEB6CC5AA}.Debug|Any CPU.ActiveCfg = Debug|Any CPU
		{B30BBD1A-9132-46AF-B3D2-7A2BEB6CC5AA}.Debug|Any CPU.Build.0 = Debug|Any CPU
		{B30BBD1A-9132-46AF-B3D2-7A2BEB6CC5AA}.Release|Any CPU.ActiveCfg = Release|Any CPU
		{B30BBD1A-9132-46AF-B3D2-7A2BEB6CC5AA}.Release|Any CPU.Build.0 = Release|Any CPU
	EndGlobalSection
	GlobalSection(SolutionProperties) = preSolution
		HideSolutionNode = FALSE
	EndGlobalSection
	GlobalSection(ExtensibilityGlobals) = postSolution
		SolutionGuid = {CDD78FA1-F6FC-4A4E-B0BA-9C5596B83C93}
	EndGlobalSection
EndGlobal
