
Microsoft Visual Studio Solution File, Format Version 12.00
# Visual Studio Version 17
VisualStudioVersion = 17.0.32126.317
MinimumVisualStudioVersion = 10.0.40219.1
Project("{FAE04EC0-301F-11D3-BF4B-00C04F79EFBC}") = "Ders 9", "Ders 9\Ders 9.csproj", "{567F20F6-9B20-4D7D-ACA4-771DC0E71F5C}"
EndProject
Global
	GlobalSection(SolutionConfigurationPlatforms) = preSolution
		Debug|Any CPU = Debug|Any CPU
		Release|Any CPU = Release|Any CPU
	EndGlobalSection
	GlobalSection(ProjectConfigurationPlatforms) = postSolution
		{567F20F6-9B20-4D7D-ACA4-771DC0E71F5C}.Debug|Any CPU.ActiveCfg = Debug|Any CPU
		{567F20F6-9B20-4D7D-ACA4-771DC0E71F5C}.Debug|Any CPU.Build.0 = Debug|Any CPU
		{567F20F6-9B20-4D7D-ACA4-771DC0E71F5C}.Release|Any CPU.ActiveCfg = Release|Any CPU
		{567F20F6-9B20-4D7D-ACA4-771DC0E71F5C}.Release|Any CPU.Build.0 = Release|Any CPU
	EndGlobalSection
	GlobalSection(SolutionProperties) = preSolution
		HideSolutionNode = FALSE
	EndGlobalSection
	GlobalSection(ExtensibilityGlobals) = postSolution
		SolutionGuid = {04D79047-CB3F-4351-AD88-80EDA51F7C6E}
	EndGlobalSection
EndGlobal
