
Microsoft Visual Studio Solution File, Format Version 12.00
# Visual Studio Version 17
VisualStudioVersion = 17.0.32126.317
MinimumVisualStudioVersion = 10.0.40219.1
Project("{FAE04EC0-301F-11D3-BF4B-00C04F79EFBC}") = "Ders 8", "Ders 8\Ders 8.csproj", "{A3B1172A-ADA2-4DFF-BD12-971DA85BC01B}"
EndProject
Global
	GlobalSection(SolutionConfigurationPlatforms) = preSolution
		Debug|Any CPU = Debug|Any CPU
		Release|Any CPU = Release|Any CPU
	EndGlobalSection
	GlobalSection(ProjectConfigurationPlatforms) = postSolution
		{A3B1172A-ADA2-4DFF-BD12-971DA85BC01B}.Debug|Any CPU.ActiveCfg = Debug|Any CPU
		{A3B1172A-ADA2-4DFF-BD12-971DA85BC01B}.Debug|Any CPU.Build.0 = Debug|Any CPU
		{A3B1172A-ADA2-4DFF-BD12-971DA85BC01B}.Release|Any CPU.ActiveCfg = Release|Any CPU
		{A3B1172A-ADA2-4DFF-BD12-971DA85BC01B}.Release|Any CPU.Build.0 = Release|Any CPU
	EndGlobalSection
	GlobalSection(SolutionProperties) = preSolution
		HideSolutionNode = FALSE
	EndGlobalSection
	GlobalSection(ExtensibilityGlobals) = postSolution
		SolutionGuid = {9087689A-15B5-4380-8C9F-58A36B9CE61F}
	EndGlobalSection
EndGlobal
