
Microsoft Visual Studio Solution File, Format Version 12.00
# Visual Studio Version 17
VisualStudioVersion = 17.0.32126.317
MinimumVisualStudioVersion = 10.0.40219.1
Project("{9A19103F-16F7-4668-BE54-9A1E7A4F7556}") = "sayi_tahmin", "sayi_tahmin.csproj", "{0253C9AB-6162-4416-A718-8192C34A396B}"
EndProject
Global
	GlobalSection(SolutionConfigurationPlatforms) = preSolution
		Debug|Any CPU = Debug|Any CPU
		Release|Any CPU = Release|Any CPU
	EndGlobalSection
	GlobalSection(ProjectConfigurationPlatforms) = postSolution
		{0253C9AB-6162-4416-A718-8192C34A396B}.Debug|Any CPU.ActiveCfg = Debug|Any CPU
		{0253C9AB-6162-4416-A718-8192C34A396B}.Debug|Any CPU.Build.0 = Debug|Any CPU
		{0253C9AB-6162-4416-A718-8192C34A396B}.Release|Any CPU.ActiveCfg = Release|Any CPU
		{0253C9AB-6162-4416-A718-8192C34A396B}.Release|Any CPU.Build.0 = Release|Any CPU
	EndGlobalSection
	GlobalSection(SolutionProperties) = preSolution
		HideSolutionNode = FALSE
	EndGlobalSection
	GlobalSection(ExtensibilityGlobals) = postSolution
		SolutionGuid = {76B276F9-6C03-45A7-BDF4-BB503417492A}
	EndGlobalSection
EndGlobal
